
Microsoft Visual Studio Solution File, Format Version 12.00
# Visual Studio Version 16
VisualStudioVersion = 25.0.1705.2
MinimumVisualStudioVersion = 10.0.40219.1
Project("{FAE04EC0-301F-11D3-BF4B-00C04F79EFBC}") = "API", "API.csproj", "{18190CA5-5054-4D27-B311-E7D0F36A0271}"
EndProject
Global
	GlobalSection(SolutionConfigurationPlatforms) = preSolution
		Debug|Any CPU = Debug|Any CPU
		Release|Any CPU = Release|Any CPU
	EndGlobalSection
	GlobalSection(ProjectConfigurationPlatforms) = postSolution
		{18190CA5-5054-4D27-B311-E7D0F36A0271}.Debug|Any CPU.ActiveCfg = Debug|Any CPU
		{18190CA5-5054-4D27-B311-E7D0F36A0271}.Debug|Any CPU.Build.0 = Debug|Any CPU
		{18190CA5-5054-4D27-B311-E7D0F36A0271}.Release|Any CPU.ActiveCfg = Release|Any CPU
		{18190CA5-5054-4D27-B311-E7D0F36A0271}.Release|Any CPU.Build.0 = Release|Any CPU
	EndGlobalSection
	GlobalSection(SolutionProperties) = preSolution
		HideSolutionNode = FALSE
	EndGlobalSection
	GlobalSection(ExtensibilityGlobals) = postSolution
		SolutionGuid = {90D6793D-DC48-4A07-9AF8-494FE7A09800}
	EndGlobalSection
EndGlobal
